
Microsoft Visual Studio Solution File, Format Version 12.00
# Visual Studio Version 17
VisualStudioVersion = 17.5.002.0
MinimumVisualStudioVersion = 10.0.40219.1
Project("{9A19103F-16F7-4668-BE54-9A1E7A4F7556}") = "MyClassLibrary", "class-library\MyClassLibrary.csproj", "{A8B00B5F-7FD7-48C7-81C0-28FD3FC2C03B}"
EndProject
Project("{9A19103F-16F7-4668-BE54-9A1E7A4F7556}") = "poc-proj-api-01", "webapi\poc-proj-api-01.csproj", "{4BC4103E-965D-4783-A9CB-DBE2222618E7}"
EndProject
Global
	GlobalSection(SolutionConfigurationPlatforms) = preSolution
		Debug|Any CPU = Debug|Any CPU
		Release|Any CPU = Release|Any CPU
	EndGlobalSection
	GlobalSection(ProjectConfigurationPlatforms) = postSolution
		{A8B00B5F-7FD7-48C7-81C0-28FD3FC2C03B}.Debug|Any CPU.ActiveCfg = Debug|Any CPU
		{A8B00B5F-7FD7-48C7-81C0-28FD3FC2C03B}.Debug|Any CPU.Build.0 = Debug|Any CPU
		{A8B00B5F-7FD7-48C7-81C0-28FD3FC2C03B}.Release|Any CPU.ActiveCfg = Release|Any CPU
		{A8B00B5F-7FD7-48C7-81C0-28FD3FC2C03B}.Release|Any CPU.Build.0 = Release|Any CPU
		{4BC4103E-965D-4783-A9CB-DBE2222618E7}.Debug|Any CPU.ActiveCfg = Debug|Any CPU
		{4BC4103E-965D-4783-A9CB-DBE2222618E7}.Debug|Any CPU.Build.0 = Debug|Any CPU
		{4BC4103E-965D-4783-A9CB-DBE2222618E7}.Release|Any CPU.ActiveCfg = Release|Any CPU
		{4BC4103E-965D-4783-A9CB-DBE2222618E7}.Release|Any CPU.Build.0 = Release|Any CPU
	EndGlobalSection
	GlobalSection(SolutionProperties) = preSolution
		HideSolutionNode = FALSE
	EndGlobalSection
	GlobalSection(ExtensibilityGlobals) = postSolution
		SolutionGuid = {90111E45-709D-41AF-8F87-8D33E4F5877B}
	EndGlobalSection
EndGlobal
