
Microsoft Visual Studio Solution File, Format Version 12.00
# Visual Studio Version 17
VisualStudioVersion = 17.5.002.0
MinimumVisualStudioVersion = 10.0.40219.1
Project("{9A19103F-16F7-4668-BE54-9A1E7A4F7556}") = "poc-proj-api-01", "poc-proj-api-01.csproj", "{C14A9DFB-1FE4-4484-8EB3-D7269347AB88}"
EndProject
Global
	GlobalSection(SolutionConfigurationPlatforms) = preSolution
		Debug|Any CPU = Debug|Any CPU
		Release|Any CPU = Release|Any CPU
	EndGlobalSection
	GlobalSection(ProjectConfigurationPlatforms) = postSolution
		{C14A9DFB-1FE4-4484-8EB3-D7269347AB88}.Debug|Any CPU.ActiveCfg = Debug|Any CPU
		{C14A9DFB-1FE4-4484-8EB3-D7269347AB88}.Debug|Any CPU.Build.0 = Debug|Any CPU
		{C14A9DFB-1FE4-4484-8EB3-D7269347AB88}.Release|Any CPU.ActiveCfg = Release|Any CPU
		{C14A9DFB-1FE4-4484-8EB3-D7269347AB88}.Release|Any CPU.Build.0 = Release|Any CPU
	EndGlobalSection
	GlobalSection(SolutionProperties) = preSolution
		HideSolutionNode = FALSE
	EndGlobalSection
	GlobalSection(ExtensibilityGlobals) = postSolution
		SolutionGuid = {2314EB21-5292-4B03-B324-A6E8DC3B63D6}
	EndGlobalSection
EndGlobal
